
Microsoft Visual Studio Solution File, Format Version 12.00
# Visual Studio Version 17
VisualStudioVersion = 17.1.32210.238
MinimumVisualStudioVersion = 10.0.40219.1
Project("{2150E333-8FDC-42A3-9474-1A3956D46DE8}") = "Core", "Core", "{E4C3015F-B555-48EB-A636-D1B634CFBD1B}"
EndProject
Project("{2150E333-8FDC-42A3-9474-1A3956D46DE8}") = "Infrastructure", "Infrastructure", "{A1A0FDB1-C263-4EFC-A906-C72F0D7A30FF}"
EndProject
Project("{2150E333-8FDC-42A3-9474-1A3956D46DE8}") = "Presentation", "Presentation", "{06257660-0C0E-4630-A34B-B8449AD48C4E}"
EndProject
Project("{9A19103F-16F7-4668-BE54-9A1E7A4F7556}") = "eCommerce.Domain", "Core\eCommerce.Domain\eCommerce.Domain.csproj", "{361B02DE-5B55-405F-BA36-10D85BA26238}"
EndProject
Project("{9A19103F-16F7-4668-BE54-9A1E7A4F7556}") = "eCommerce.Application", "Core\eCommerce.Application\eCommerce.Application.csproj", "{F7440B69-9E01-4888-BCB9-0E37EE623919}"
EndProject
Project("{9A19103F-16F7-4668-BE54-9A1E7A4F7556}") = "eCommerce.Infrastructure", "Infrastructure\eCommerce.Infrastructure\eCommerce.Infrastructure.csproj", "{F5D12263-9D4C-42C0-BD41-EF571C0509E4}"
EndProject
Project("{9A19103F-16F7-4668-BE54-9A1E7A4F7556}") = "eCommerce.UI", "Presentation\eCommerce.UI\eCommerce.UI.csproj", "{339CE1D9-EF1F-4C82-8628-5C5B8F17FFC7}"
EndProject
Project("{9A19103F-16F7-4668-BE54-9A1E7A4F7556}") = "eCommerce.Persistence", "Infrastructure\eCommerce.Persistence\eCommerce.Persistence.csproj", "{9BCC2E8B-24A0-421A-A6F3-E670B25A8B21}"
EndProject
Global
	GlobalSection(SolutionConfigurationPlatforms) = preSolution
		Debug|Any CPU = Debug|Any CPU
		Release|Any CPU = Release|Any CPU
	EndGlobalSection
	GlobalSection(ProjectConfigurationPlatforms) = postSolution
		{361B02DE-5B55-405F-BA36-10D85BA26238}.Debug|Any CPU.ActiveCfg = Debug|Any CPU
		{361B02DE-5B55-405F-BA36-10D85BA26238}.Debug|Any CPU.Build.0 = Debug|Any CPU
		{361B02DE-5B55-405F-BA36-10D85BA26238}.Release|Any CPU.ActiveCfg = Release|Any CPU
		{361B02DE-5B55-405F-BA36-10D85BA26238}.Release|Any CPU.Build.0 = Release|Any CPU
		{F7440B69-9E01-4888-BCB9-0E37EE623919}.Debug|Any CPU.ActiveCfg = Debug|Any CPU
		{F7440B69-9E01-4888-BCB9-0E37EE623919}.Debug|Any CPU.Build.0 = Debug|Any CPU
		{F7440B69-9E01-4888-BCB9-0E37EE623919}.Release|Any CPU.ActiveCfg = Release|Any CPU
		{F7440B69-9E01-4888-BCB9-0E37EE623919}.Release|Any CPU.Build.0 = Release|Any CPU
		{F5D12263-9D4C-42C0-BD41-EF571C0509E4}.Debug|Any CPU.ActiveCfg = Debug|Any CPU
		{F5D12263-9D4C-42C0-BD41-EF571C0509E4}.Debug|Any CPU.Build.0 = Debug|Any CPU
		{F5D12263-9D4C-42C0-BD41-EF571C0509E4}.Release|Any CPU.ActiveCfg = Release|Any CPU
		{F5D12263-9D4C-42C0-BD41-EF571C0509E4}.Release|Any CPU.Build.0 = Release|Any CPU
		{339CE1D9-EF1F-4C82-8628-5C5B8F17FFC7}.Debug|Any CPU.ActiveCfg = Debug|Any CPU
		{339CE1D9-EF1F-4C82-8628-5C5B8F17FFC7}.Debug|Any CPU.Build.0 = Debug|Any CPU
		{339CE1D9-EF1F-4C82-8628-5C5B8F17FFC7}.Release|Any CPU.ActiveCfg = Release|Any CPU
		{339CE1D9-EF1F-4C82-8628-5C5B8F17FFC7}.Release|Any CPU.Build.0 = Release|Any CPU
		{9BCC2E8B-24A0-421A-A6F3-E670B25A8B21}.Debug|Any CPU.ActiveCfg = Debug|Any CPU
		{9BCC2E8B-24A0-421A-A6F3-E670B25A8B21}.Debug|Any CPU.Build.0 = Debug|Any CPU
		{9BCC2E8B-24A0-421A-A6F3-E670B25A8B21}.Release|Any CPU.ActiveCfg = Release|Any CPU
		{9BCC2E8B-24A0-421A-A6F3-E670B25A8B21}.Release|Any CPU.Build.0 = Release|Any CPU
	EndGlobalSection
	GlobalSection(SolutionProperties) = preSolution
		HideSolutionNode = FALSE
	EndGlobalSection
	GlobalSection(NestedProjects) = preSolution
		{361B02DE-5B55-405F-BA36-10D85BA26238} = {E4C3015F-B555-48EB-A636-D1B634CFBD1B}
		{F7440B69-9E01-4888-BCB9-0E37EE623919} = {E4C3015F-B555-48EB-A636-D1B634CFBD1B}
		{F5D12263-9D4C-42C0-BD41-EF571C0509E4} = {A1A0FDB1-C263-4EFC-A906-C72F0D7A30FF}
		{339CE1D9-EF1F-4C82-8628-5C5B8F17FFC7} = {06257660-0C0E-4630-A34B-B8449AD48C4E}
		{9BCC2E8B-24A0-421A-A6F3-E670B25A8B21} = {A1A0FDB1-C263-4EFC-A906-C72F0D7A30FF}
	EndGlobalSection
	GlobalSection(ExtensibilityGlobals) = postSolution
		SolutionGuid = {214B2CDA-E278-445C-98F4-3B50BF8A7CA5}
	EndGlobalSection
EndGlobal
